Microsoft Visual Studio Solution File, Format Version 12.00
# Visual Studio Version 17
VisualStudioVersion = 17.5.2.0
MinimumVisualStudioVersion = 10.0.40219.1
Project("{2150E333-8FDC-42A3-9474-1A3956D46DE8}") = "SalesAdvisor", "SalesAdvisor", "{088C2403-88EF-6EEA-43D5-8ECE34D09A08}"
EndProject
Project("{2150E333-8FDC-42A3-9474-1A3956D46DE8}") = "server", "server", "{4BA0EF97-65A7-7A15-1226-3C4AAD6CA11A}"
EndProject
Project("{FAE04EC0-301F-11D3-BF4B-00C04F79EFBC}") = "SalesAdvisor.API", "SalesAdvisor.API\SalesAdvisor.API.csproj", "{42E6FCA3-B63A-02C7-9181-A4BD5794178E}"
EndProject
Global
	GlobalSection(SolutionConfigurationPlatforms) = preSolution
		Debug|Any CPU = Debug|Any CPU
		Release|Any CPU = Release|Any CPU
	EndGlobalSection
	GlobalSection(ProjectConfigurationPlatforms) = postSolution
		{42E6FCA3-B63A-02C7-9181-A4BD5794178E}.Debug|Any CPU.ActiveCfg = Debug|Any CPU
		{42E6FCA3-B63A-02C7-9181-A4BD5794178E}.Debug|Any CPU.Build.0 = Debug|Any CPU
		{42E6FCA3-B63A-02C7-9181-A4BD5794178E}.Release|Any CPU.ActiveCfg = Release|Any CPU
		{42E6FCA3-B63A-02C7-9181-A4BD5794178E}.Release|Any CPU.Build.0 = Release|Any CPU
	EndGlobalSection
	GlobalSection(SolutionProperties) = preSolution
		HideSolutionNode = FALSE
	EndGlobalSection
	GlobalSection(NestedProjects) = preSolution
		{4BA0EF97-65A7-7A15-1226-3C4AAD6CA11A} = {088C2403-88EF-6EEA-43D5-8ECE34D09A08}
		{42E6FCA3-B63A-02C7-9181-A4BD5794178E} = {4BA0EF97-65A7-7A15-1226-3C4AAD6CA11A}
	EndGlobalSection
	GlobalSection(ExtensibilityGlobals) = postSolution
		SolutionGuid = {4E6BE04D-8F55-4709-B19B-4ED81BDF98A0}
	EndGlobalSection
EndGlobal
